// !$*UTF8*$!
{
	archiveVersion = 1;
	classes = {
	};
	objectVersion = 56;
	objects = {

/* Begin PBXBuildFile section */
		771B8E092B2F755C00BB4A2F /* VCChanger.swift in Sources */ = {isa = PBXBuildFile; fileRef = 771B8E082B2F755C00BB4A2F /* VCChanger.swift */; };
		771B8E0B2B2F77AF00BB4A2F /* SignInVC.swift in Sources */ = {isa = PBXBuildFile; fileRef = 771B8E0A2B2F77AF00BB4A2F /* SignInVC.swift */; };
		771B8E0E2B2F8F2200BB4A2F /* BaseTextFieldView.swift in Sources */ = {isa = PBXBuildFile; fileRef = 771B8E0D2B2F8F2200BB4A2F /* BaseTextFieldView.swift */; };
		771B8E112B2F9B4900BB4A2F /* UIViewController + Ext.swift in Sources */ = {isa = PBXBuildFile; fileRef = 771B8E102B2F9B4900BB4A2F /* UIViewController + Ext.swift */; };
		776491C12B33A3F4003C7127 /* SignUpVC.swift in Sources */ = {isa = PBXBuildFile; fileRef = 776491C02B33A3F4003C7127 /* SignUpVC.swift */; };
		77848F9E2B2F43AA002F4BD4 /* AppDelegate.swift in Sources */ = {isa = PBXBuildFile; fileRef = 77848F9D2B2F43AA002F4BD4 /* AppDelegate.swift */; };
		77848FA02B2F43AA002F4BD4 /* SceneDelegate.swift in Sources */ = {isa = PBXBuildFile; fileRef = 77848F9F2B2F43AA002F4BD4 /* SceneDelegate.swift */; };
		77848FA72B2F43AE002F4BD4 /* Assets.xcassets in Resources */ = {isa = PBXBuildFile; fileRef = 77848FA62B2F43AE002F4BD4 /* Assets.xcassets */; };
		77848FAA2B2F43AE002F4BD4 /* LaunchScreen.storyboard in Resources */ = {isa = PBXBuildFile; fileRef = 77848FA82B2F43AE002F4BD4 /* LaunchScreen.storyboard */; };
		77848FB42B2F461A002F4BD4 /* D.swift in Sources */ = {isa = PBXBuildFile; fileRef = 77848FB32B2F461A002F4BD4 /* D.swift */; };
		77848FB72B2F48E8002F4BD4 /* AuthVC.swift in Sources */ = {isa = PBXBuildFile; fileRef = 77848FB62B2F48E8002F4BD4 /* AuthVC.swift */; };
		E6F7618E7024461B72F460C3 /* Pods_SportEvents.framework in Frameworks */ = {isa = PBXBuildFile; fileRef = CFE969E17F592FCC90384615 /* Pods_SportEvents.framework */; };
/* End PBXBuildFile section */

/* Begin PBXFileReference section */
		771B8E082B2F755C00BB4A2F /* VCChanger.swift */ = {isa = PBXFileReference; lastKnownFileType = sourcecode.swift; path = VCChanger.swift; sourceTree = "<group>"; };
		771B8E0A2B2F77AF00BB4A2F /* SignInVC.swift */ = {isa = PBXFileReference; lastKnownFileType = sourcecode.swift; path = SignInVC.swift; sourceTree = "<group>"; };
		771B8E0D2B2F8F2200BB4A2F /* BaseTextFieldView.swift */ = {isa = PBXFileReference; lastKnownFileType = sourcecode.swift; path = BaseTextFieldView.swift; sourceTree = "<group>"; };
		771B8E102B2F9B4900BB4A2F /* UIViewController + Ext.swift */ = {isa = PBXFileReference; lastKnownFileType = sourcecode.swift; path = "UIViewController + Ext.swift"; sourceTree = "<group>"; };
		776491C02B33A3F4003C7127 /* SignUpVC.swift */ = {isa = PBXFileReference; lastKnownFileType = sourcecode.swift; path = SignUpVC.swift; sourceTree = "<group>"; };
		77848F9A2B2F43AA002F4BD4 /* SportEvents.app */ = {isa = PBXFileReference; explicitFileType = wrapper.application; includeInIndex = 0; path = SportEvents.app; sourceTree = BUILT_PRODUCTS_DIR; };
		77848F9D2B2F43AA002F4BD4 /* AppDelegate.swift */ = {isa = PBXFileReference; lastKnownFileType = sourcecode.swift; path = AppDelegate.swift; sourceTree = "<group>"; };
		77848F9F2B2F43AA002F4BD4 /* SceneDelegate.swift */ = {isa = PBXFileReference; lastKnownFileType = sourcecode.swift; path = SceneDelegate.swift; sourceTree = "<group>"; };
		77848FA62B2F43AE002F4BD4 /* Assets.xcassets */ = {isa = PBXFileReference; lastKnownFileType = folder.assetcatalog; path = Assets.xcassets; sourceTree = "<group>"; };
		77848FA92B2F43AE002F4BD4 /* Base */ = {isa = PBXFileReference; lastKnownFileType = file.storyboard; name = Base; path = Base.lproj/LaunchScreen.storyboard; sourceTree = "<group>"; };
		77848FAB2B2F43AE002F4BD4 /* Info.plist */ = {isa = PBXFileReference; lastKnownFileType = text.plist.xml; path = Info.plist; sourceTree = "<group>"; };
		77848FB32B2F461A002F4BD4 /* D.swift */ = {isa = PBXFileReference; lastKnownFileType = sourcecode.swift; path = D.swift; sourceTree = "<group>"; };
		77848FB62B2F48E8002F4BD4 /* AuthVC.swift */ = {isa = PBXFileReference; lastKnownFileType = sourcecode.swift; path = AuthVC.swift; sourceTree = "<group>"; };
		811128556CBEB49DBAE185E4 /* Pods-SportEvents.debug.xcconfig */ = {isa = PBXFileReference; includeInIndex = 1; lastKnownFileType = text.xcconfig; name = "Pods-SportEvents.debug.xcconfig"; path = "Target Support Files/Pods-SportEvents/Pods-SportEvents.debug.xcconfig"; sourceTree = "<group>"; };
		9A05EB5F65C8F9F8B224905A /* Pods-SportEvents.release.xcconfig */ = {isa = PBXFileReference; includeInIndex = 1; lastKnownFileType = text.xcconfig; name = "Pods-SportEvents.release.xcconfig"; path = "Target Support Files/Pods-SportEvents/Pods-SportEvents.release.xcconfig"; sourceTree = "<group>"; };
		CFE969E17F592FCC90384615 /* Pods_SportEvents.framework */ = {isa = PBXFileReference; explicitFileType = wrapper.framework; includeInIndex = 0; path = Pods_SportEvents.framework; sourceTree = BUILT_PRODUCTS_DIR; };
/* End PBXFileReference section */

/* Begin PBXFrameworksBuildPhase section */
		77848F972B2F43AA002F4BD4 /* Frameworks */ = {
			isa = PBXFrameworksBuildPhase;
			buildActionMask = 2147483647;
			files = (
				E6F7618E7024461B72F460C3 /* Pods_SportEvents.framework in Frameworks */,
			);
			runOnlyForDeploymentPostprocessing = 0;
		};
/* End PBXFrameworksBuildPhase section */

/* Begin PBXGroup section */
		6B542ED1AC01FE7849228C60 /* Pods */ = {
			isa = PBXGroup;
			children = (
				811128556CBEB49DBAE185E4 /* Pods-SportEvents.debug.xcconfig */,
				9A05EB5F65C8F9F8B224905A /* Pods-SportEvents.release.xcconfig */,
			);
			path = Pods;
			sourceTree = "<group>";
		};
		771B8E072B2F751200BB4A2F /* Helpers */ = {
			isa = PBXGroup;
			children = (
				771B8E0F2B2F9B1B00BB4A2F /* Extensions */,
				771B8E082B2F755C00BB4A2F /* VCChanger.swift */,
			);
			path = Helpers;
			sourceTree = "<group>";
		};
		771B8E0C2B2F8EDF00BB4A2F /* Views */ = {
			isa = PBXGroup;
			children = (
				771B8E0D2B2F8F2200BB4A2F /* BaseTextFieldView.swift */,
			);
			path = Views;
			sourceTree = "<group>";
		};
		771B8E0F2B2F9B1B00BB4A2F /* Extensions */ = {
			isa = PBXGroup;
			children = (
				771B8E102B2F9B4900BB4A2F /* UIViewController + Ext.swift */,
			);
			path = Extensions;
			sourceTree = "<group>";
		};
		77848F912B2F43A9002F4BD4 = {
			isa = PBXGroup;
			children = (
				77848F9C2B2F43AA002F4BD4 /* SportEvents */,
				77848F9B2B2F43AA002F4BD4 /* Products */,
				6B542ED1AC01FE7849228C60 /* Pods */,
				EF6B6D619FCC57CC581FE9DA /* Frameworks */,
			);
			sourceTree = "<group>";
		};
		77848F9B2B2F43AA002F4BD4 /* Products */ = {
			isa = PBXGroup;
			children = (
				77848F9A2B2F43AA002F4BD4 /* SportEvents.app */,
			);
			name = Products;
			sourceTree = "<group>";
		};
		77848F9C2B2F43AA002F4BD4 /* SportEvents */ = {
			isa = PBXGroup;
			children = (
				771B8E0C2B2F8EDF00BB4A2F /* Views */,
				771B8E072B2F751200BB4A2F /* Helpers */,
				77848FB52B2F48D5002F4BD4 /* Controllers */,
				77848FB22B2F444B002F4BD4 /* Resources */,
				77848FB12B2F4414002F4BD4 /* Aplication */,
			);
			path = SportEvents;
			sourceTree = "<group>";
		};
		77848FB12B2F4414002F4BD4 /* Aplication */ = {
			isa = PBXGroup;
			children = (
				77848F9D2B2F43AA002F4BD4 /* AppDelegate.swift */,
				77848F9F2B2F43AA002F4BD4 /* SceneDelegate.swift */,
			);
			path = Aplication;
			sourceTree = "<group>";
		};
		77848FB22B2F444B002F4BD4 /* Resources */ = {
			isa = PBXGroup;
			children = (
				77848FA62B2F43AE002F4BD4 /* Assets.xcassets */,
				77848FA82B2F43AE002F4BD4 /* LaunchScreen.storyboard */,
				77848FAB2B2F43AE002F4BD4 /* Info.plist */,
				77848FB32B2F461A002F4BD4 /* D.swift */,
			);
			path = Resources;
			sourceTree = "<group>";
		};
		77848FB52B2F48D5002F4BD4 /* Controllers */ = {
			isa = PBXGroup;
			children = (
				77848FB62B2F48E8002F4BD4 /* AuthVC.swift */,
				771B8E0A2B2F77AF00BB4A2F /* SignInVC.swift */,
				776491C02B33A3F4003C7127 /* SignUpVC.swift */,
			);
			path = Controllers;
			sourceTree = "<group>";
		};
		EF6B6D619FCC57CC581FE9DA /* Frameworks */ = {
			isa = PBXGroup;
			children = (
				CFE969E17F592FCC90384615 /* Pods_SportEvents.framework */,
			);
			name = Frameworks;
			sourceTree = "<group>";
		};
/* End PBXGroup section */

/* Begin PBXNativeTarget section */
		77848F992B2F43AA002F4BD4 /* SportEvents */ = {
			isa = PBXNativeTarget;
			buildConfigurationList = 77848FAE2B2F43AE002F4BD4 /* Build configuration list for PBXNativeTarget "SportEvents" */;
			buildPhases = (
				A3F21C78FA138EA190887117 /* [CP] Check Pods Manifest.lock */,
				77848F962B2F43AA002F4BD4 /* Sources */,
				77848F972B2F43AA002F4BD4 /* Frameworks */,
				77848F982B2F43AA002F4BD4 /* Resources */,
				3692702D47F66ACD48403909 /* [CP] Embed Pods Frameworks */,
			);
			buildRules = (
			);
			dependencies = (
			);
			name = SportEvents;
			productName = SportEvents;
			productReference = 77848F9A2B2F43AA002F4BD4 /* SportEvents.app */;
			productType = "com.apple.product-type.application";
		};
/* End PBXNativeTarget section */

/* Begin PBXProject section */
		77848F922B2F43A9002F4BD4 /* Project object */ = {
			isa = PBXProject;
			attributes = {
				BuildIndependentTargetsInParallel = 1;
				LastSwiftUpdateCheck = 1430;
				LastUpgradeCheck = 1430;
				TargetAttributes = {
					77848F992B2F43AA002F4BD4 = {
						CreatedOnToolsVersion = 14.3.1;
					};
				};
			};
			buildConfigurationList = 77848F952B2F43A9002F4BD4 /* Build configuration list for PBXProject "SportEvents" */;
			compatibilityVersion = "Xcode 14.0";
			developmentRegion = en;
			hasScannedForEncodings = 0;
			knownRegions = (
				en,
				Base,
			);
			mainGroup = 77848F912B2F43A9002F4BD4;
			productRefGroup = 77848F9B2B2F43AA002F4BD4 /* Products */;
			projectDirPath = "";
			projectRoot = "";
			targets = (
				77848F992B2F43AA002F4BD4 /* SportEvents */,
			);
		};
/* End PBXProject section */

/* Begin PBXResourcesBuildPhase section */
		77848F982B2F43AA002F4BD4 /* Resources */ = {
			isa = PBXResourcesBuildPhase;
			buildActionMask = 2147483647;
			files = (
				77848FAA2B2F43AE002F4BD4 /* LaunchScreen.storyboard in Resources */,
				77848FA72B2F43AE002F4BD4 /* Assets.xcassets in Resources */,
			);
			runOnlyForDeploymentPostprocessing = 0;
		};
/* End PBXResourcesBuildPhase section */

/* Begin PBXShellScriptBuildPhase section */
		3692702D47F66ACD48403909 /* [CP] Embed Pods Frameworks */ = {
			isa = PBXShellScriptBuildPhase;
			buildActionMask = 2147483647;
			files = (
			);
			inputFileListPaths = (
				"${PODS_ROOT}/Target Support Files/Pods-SportEvents/Pods-SportEvents-frameworks-${CONFIGURATION}-input-files.xcfilelist",
			);
			name = "[CP] Embed Pods Frameworks";
			outputFileListPaths = (
				"${PODS_ROOT}/Target Support Files/Pods-SportEvents/Pods-SportEvents-frameworks-${CONFIGURATION}-output-files.xcfilelist",
			);
			runOnlyForDeploymentPostprocessing = 0;
			shellPath = /bin/sh;
			shellScript = "\"${PODS_ROOT}/Target Support Files/Pods-SportEvents/Pods-SportEvents-frameworks.sh\"\n";
			showEnvVarsInLog = 0;
		};
		A3F21C78FA138EA190887117 /* [CP] Check Pods Manifest.lock */ = {
			isa = PBXShellScriptBuildPhase;
			buildActionMask = 2147483647;
			files = (
			);
			inputFileListPaths = (
			);
			inputPaths = (
				"${PODS_PODFILE_DIR_PATH}/Podfile.lock",
				"${PODS_ROOT}/Manifest.lock",
			);
			name = "[CP] Check Pods Manifest.lock";
			outputFileListPaths = (
			);
			outputPaths = (
				"$(DERIVED_FILE_DIR)/Pods-SportEvents-checkManifestLockResult.txt",
			);
			runOnlyForDeploymentPostprocessing = 0;
			shellPath = /bin/sh;
			shellScript = "diff \"${PODS_PODFILE_DIR_PATH}/Podfile.lock\" \"${PODS_ROOT}/Manifest.lock\" > /dev/null\nif [ $? != 0 ] ; then\n    # print error to STDERR\n    echo \"error: The sandbox is not in sync with the Podfile.lock. Run 'pod install' or update your CocoaPods installation.\" >&2\n    exit 1\nfi\n# This output is used by Xcode 'outputs' to avoid re-running this script phase.\necho \"SUCCESS\" > \"${SCRIPT_OUTPUT_FILE_0}\"\n";
			showEnvVarsInLog = 0;
		};
/* End PBXShellScriptBuildPhase section */

/* Begin PBXSourcesBuildPhase section */
		77848F962B2F43AA002F4BD4 /* Sources */ = {
			isa = PBXSourcesBuildPhase;
			buildActionMask = 2147483647;
			files = (
				771B8E112B2F9B4900BB4A2F /* UIViewController + Ext.swift in Sources */,
				776491C12B33A3F4003C7127 /* SignUpVC.swift in Sources */,
				77848FB72B2F48E8002F4BD4 /* AuthVC.swift in Sources */,
				77848F9E2B2F43AA002F4BD4 /* AppDelegate.swift in Sources */,
				771B8E0B2B2F77AF00BB4A2F /* SignInVC.swift in Sources */,
				771B8E0E2B2F8F2200BB4A2F /* BaseTextFieldView.swift in Sources */,
				771B8E092B2F755C00BB4A2F /* VCChanger.swift in Sources */,
				77848FB42B2F461A002F4BD4 /* D.swift in Sources */,
				77848FA02B2F43AA002F4BD4 /* SceneDelegate.swift in Sources */,
			);
			runOnlyForDeploymentPostprocessing = 0;
		};
/* End PBXSourcesBuildPhase section */

/* Begin PBXVariantGroup section */
		77848FA82B2F43AE002F4BD4 /* LaunchScreen.storyboard */ = {
			isa = PBXVariantGroup;
			children = (
				77848FA92B2F43AE002F4BD4 /* Base */,
			);
			name = LaunchScreen.storyboard;
			sourceTree = "<group>";
		};
/* End PBXVariantGroup section */

/* Begin XCBuildConfiguration section */
		77848FAC2B2F43AE002F4BD4 /* Debug */ = {
			isa = XCBuildConfiguration;
			buildSettings = {
				ALWAYS_SEARCH_USER_PATHS = NO;
				CLANG_ANALYZER_NONNULL = YES;
				CLANG_ANALYZER_NUMBER_OBJECT_CONVERSION = YES_AGGRESSIVE;
				CLANG_CXX_LANGUAGE_STANDARD = "gnu++20";
				CLANG_ENABLE_MODULES = YES;
				CLANG_ENABLE_OBJC_ARC = YES;
				CLANG_ENABLE_OBJC_WEAK = YES;
				CLANG_WARN_BLOCK_CAPTURE_AUTORELEASING = YES;
				CLANG_WARN_BOOL_CONVERSION = YES;
				CLANG_WARN_COMMA = YES;
				CLANG_WARN_CONSTANT_CONVERSION = YES;
				CLANG_WARN_DEPRECATED_OBJC_IMPLEMENTATIONS = YES;
				CLANG_WARN_DIRECT_OBJC_ISA_USAGE = YES_ERROR;
				CLANG_WARN_DOCUMENTATION_COMMENTS = YES;
				CLANG_WARN_EMPTY_BODY = YES;
				CLANG_WARN_ENUM_CONVERSION = YES;
				CLANG_WARN_INFINITE_RECURSION = YES;
				CLANG_WARN_INT_CONVERSION = YES;
				CLANG_WARN_NON_LITERAL_NULL_CONVERSION = YES;
				CLANG_WARN_OBJC_IMPLICIT_RETAIN_SELF = YES;
				CLANG_WARN_OBJC_LITERAL_CONVERSION = YES;
				CLANG_WARN_OBJC_ROOT_CLASS = YES_ERROR;
				CLANG_WARN_QUOTED_INCLUDE_IN_FRAMEWORK_HEADER = YES;
				CLANG_WARN_RANGE_LOOP_ANALYSIS = YES;
				CLANG_WARN_STRICT_PROTOTYPES = YES;
				CLANG_WARN_SUSPICIOUS_MOVE = YES;
				CLANG_WARN_UNGUARDED_AVAILABILITY = YES_AGGRESSIVE;
				CLANG_WARN_UNREACHABLE_CODE = YES;
				CLANG_WARN__DUPLICATE_METHOD_MATCH = YES;
				COPY_PHASE_STRIP = NO;
				DEBUG_INFORMATION_FORMAT = dwarf;
				ENABLE_STRICT_OBJC_MSGSEND = YES;
				ENABLE_TESTABILITY = YES;
				GCC_C_LANGUAGE_STANDARD = gnu11;
				GCC_DYNAMIC_NO_PIC = NO;
				GCC_NO_COMMON_BLOCKS = YES;
				GCC_OPTIMIZATION_LEVEL = 0;
				GCC_PREPROCESSOR_DEFINITIONS = (
					"DEBUG=1",
					"$(inherited)",
				);
				GCC_WARN_64_TO_32_BIT_CONVERSION = YES;
				GCC_WARN_ABOUT_RETURN_TYPE = YES_ERROR;
				GCC_WARN_UNDECLARED_SELECTOR = YES;
				GCC_WARN_UNINITIALIZED_AUTOS = YES_AGGRESSIVE;
				GCC_WARN_UNUSED_FUNCTION = YES;
				GCC_WARN_UNUSED_VARIABLE = YES;
				IPHONEOS_DEPLOYMENT_TARGET = 16.4;
				MTL_ENABLE_DEBUG_INFO = INCLUDE_SOURCE;
				MTL_FAST_MATH = YES;
				ONLY_ACTIVE_ARCH = YES;
				SDKROOT = iphoneos;
				SWIFT_ACTIVE_COMPILATION_CONDITIONS = DEBUG;
				SWIFT_OPTIMIZATION_LEVEL = "-Onone";
			};
			name = Debug;
		};
		77848FAD2B2F43AE002F4BD4 /* Release */ = {
			isa = XCBuildConfiguration;
			buildSettings = {
				ALWAYS_SEARCH_USER_PATHS = NO;
				CLANG_ANALYZER_NONNULL = YES;
				CLANG_ANALYZER_NUMBER_OBJECT_CONVERSION = YES_AGGRESSIVE;
				CLANG_CXX_LANGUAGE_STANDARD = "gnu++20";
				CLANG_ENABLE_MODULES = YES;
				CLANG_ENABLE_OBJC_ARC = YES;
				CLANG_ENABLE_OBJC_WEAK = YES;
				CLANG_WARN_BLOCK_CAPTURE_AUTORELEASING = YES;
				CLANG_WARN_BOOL_CONVERSION = YES;
				CLANG_WARN_COMMA = YES;
				CLANG_WARN_CONSTANT_CONVERSION = YES;
				CLANG_WARN_DEPRECATED_OBJC_IMPLEMENTATIONS = YES;
				CLANG_WARN_DIRECT_OBJC_ISA_USAGE = YES_ERROR;
				CLANG_WARN_DOCUMENTATION_COMMENTS = YES;
				CLANG_WARN_EMPTY_BODY = YES;
				CLANG_WARN_ENUM_CONVERSION = YES;
				CLANG_WARN_INFINITE_RECURSION = YES;
				CLANG_WARN_INT_CONVERSION = YES;
				CLANG_WARN_NON_LITERAL_NULL_CONVERSION = YES;
				CLANG_WARN_OBJC_IMPLICIT_RETAIN_SELF = YES;
				CLANG_WARN_OBJC_LITERAL_CONVERSION = YES;
				CLANG_WARN_OBJC_ROOT_CLASS = YES_ERROR;
				CLANG_WARN_QUOTED_INCLUDE_IN_FRAMEWORK_HEADER = YES;
				CLANG_WARN_RANGE_LOOP_ANALYSIS = YES;
				CLANG_WARN_STRICT_PROTOTYPES = YES;
				CLANG_WARN_SUSPICIOUS_MOVE = YES;
				CLANG_WARN_UNGUARDED_AVAILABILITY = YES_AGGRESSIVE;
				CLANG_WARN_UNREACHABLE_CODE = YES;
				CLANG_WARN__DUPLICATE_METHOD_MATCH = YES;
				COPY_PHASE_STRIP = NO;
				DEBUG_INFORMATION_FORMAT = "dwarf-with-dsym";
				ENABLE_NS_ASSERTIONS = NO;
				ENABLE_STRICT_OBJC_MSGSEND = YES;
				GCC_C_LANGUAGE_STANDARD = gnu11;
				GCC_NO_COMMON_BLOCKS = YES;
				GCC_WARN_64_TO_32_BIT_CONVERSION = YES;
				GCC_WARN_ABOUT_RETURN_TYPE = YES_ERROR;
				GCC_WARN_UNDECLARED_SELECTOR = YES;
				GCC_WARN_UNINITIALIZED_AUTOS = YES_AGGRESSIVE;
				GCC_WARN_UNUSED_FUNCTION = YES;
				GCC_WARN_UNUSED_VARIABLE = YES;
				IPHONEOS_DEPLOYMENT_TARGET = 16.4;
				MTL_ENABLE_DEBUG_INFO = NO;
				MTL_FAST_MATH = YES;
				SDKROOT = iphoneos;
				SWIFT_COMPILATION_MODE = wholemodule;
				SWIFT_OPTIMIZATION_LEVEL = "-O";
				VALIDATE_PRODUCT = YES;
			};
			name = Release;
		};
		77848FAF2B2F43AE002F4BD4 /* Debug */ = {
			isa = XCBuildConfiguration;
			baseConfigurationReference = 811128556CBEB49DBAE185E4 /* Pods-SportEvents.debug.xcconfig */;
			buildSettings = {
				ASSETCATALOG_COMPILER_APPICON_NAME = AppIcon;
				ASSETCATALOG_COMPILER_GLOBAL_ACCENT_COLOR_NAME = AccentColor;
				CODE_SIGN_STYLE = Automatic;
				CURRENT_PROJECT_VERSION = 1;
				DEVELOPMENT_TEAM = HHTA648R26;
				GENERATE_INFOPLIST_FILE = YES;
				INFOPLIST_FILE = SportEvents/Resources/Info.plist;
				INFOPLIST_KEY_LSApplicationCategoryType = "public.app-category.sports";
				INFOPLIST_KEY_UIApplicationSupportsIndirectInputEvents = YES;
				INFOPLIST_KEY_UILaunchStoryboardName = LaunchScreen;
				INFOPLIST_KEY_UIMainStoryboardFile = "";
				INFOPLIST_KEY_UISupportedInterfaceOrientations = UIInterfaceOrientationPortrait;
				IPHONEOS_DEPLOYMENT_TARGET = 15.0;
				LD_RUNPATH_SEARCH_PATHS = (
					"$(inherited)",
					"@executable_path/Frameworks",
				);
				MARKETING_VERSION = 1.0;
				PRODUCT_BUNDLE_IDENTIFIER = meeel.SportEvents;
				PRODUCT_NAME = "$(TARGET_NAME)";
				SWIFT_EMIT_LOC_STRINGS = YES;
				SWIFT_VERSION = 5.0;
				TARGETED_DEVICE_FAMILY = "1,2";
			};
			name = Debug;
		};
		77848FB02B2F43AE002F4BD4 /* Release */ = {
			isa = XCBuildConfiguration;
			baseConfigurationReference = 9A05EB5F65C8F9F8B224905A /* Pods-SportEvents.release.xcconfig */;
			buildSettings = {
				ASSETCATALOG_COMPILER_APPICON_NAME = AppIcon;
				ASSETCATALOG_COMPILER_GLOBAL_ACCENT_COLOR_NAME = AccentColor;
				CODE_SIGN_STYLE = Automatic;
				CURRENT_PROJECT_VERSION = 1;
				DEVELOPMENT_TEAM = HHTA648R26;
				GENERATE_INFOPLIST_FILE = YES;
				INFOPLIST_FILE = SportEvents/Resources/Info.plist;
				INFOPLIST_KEY_LSApplicationCategoryType = "public.app-category.sports";
				INFOPLIST_KEY_UIApplicationSupportsIndirectInputEvents = YES;
				INFOPLIST_KEY_UILaunchStoryboardName = LaunchScreen;
				INFOPLIST_KEY_UIMainStoryboardFile = "";
				INFOPLIST_KEY_UISupportedInterfaceOrientations = UIInterfaceOrientationPortrait;
				IPHONEOS_DEPLOYMENT_TARGET = 15.0;
				LD_RUNPATH_SEARCH_PATHS = (
					"$(inherited)",
					"@executable_path/Frameworks",
				);
				MARKETING_VERSION = 1.0;
				PRODUCT_BUNDLE_IDENTIFIER = meeel.SportEvents;
				PRODUCT_NAME = "$(TARGET_NAME)";
				SWIFT_EMIT_LOC_STRINGS = YES;
				SWIFT_VERSION = 5.0;
				TARGETED_DEVICE_FAMILY = "1,2";
			};
			name = Release;
		};
/* End XCBuildConfiguration section */

/* Begin XCConfigurationList section */
		77848F952B2F43A9002F4BD4 /* Build configuration list for PBXProject "SportEvents" */ = {
			isa = XCConfigurationList;
			buildConfigurations = (
				77848FAC2B2F43AE002F4BD4 /* Debug */,
				77848FAD2B2F43AE002F4BD4 /* Release */,
			);
			defaultConfigurationIsVisible = 0;
			defaultConfigurationName = Release;
		};
		77848FAE2B2F43AE002F4BD4 /* Build configuration list for PBXNativeTarget "SportEvents" */ = {
			isa = XCConfigurationList;
			buildConfigurations = (
				77848FAF2B2F43AE002F4BD4 /* Debug */,
				77848FB02B2F43AE002F4BD4 /* Release */,
			);
			defaultConfigurationIsVisible = 0;
			defaultConfigurationName = Release;
		};
/* End XCConfigurationList section */
	};
	rootObject = 77848F922B2F43A9002F4BD4 /* Project object */;
}
